
Microsoft Visual Studio Solution File, Format Version 12.00
# Visual Studio 15
VisualStudioVersion = 15.0.26403.7
MinimumVisualStudioVersion = 10.0.40219.1
Project("{FAE04EC0-301F-11D3-BF4B-00C04F79EFBC}") = "CapaDatos", "CapaDatos\CapaDatos.csproj", "{CF324CD7-B340-4272-86EE-E9DCB8F32770}"
EndProject
Project("{FAE04EC0-301F-11D3-BF4B-00C04F79EFBC}") = "CapaLogica", "CapaLogica\CapaLogica.csproj", "{A9A66AE8-1D4F-4085-A8D1-093C90CF84EF}"
EndProject
Project("{FAE04EC0-301F-11D3-BF4B-00C04F79EFBC}") = "CapaPresentacion", "CapaPresentacion\CapaPresentacion.csproj", "{535CD9B5-18F8-498E-B8AC-3B5EBAA08BD4}"
EndProject
Project("{FAE04EC0-301F-11D3-BF4B-00C04F79EFBC}") = "CapaPresentacion2", "CapaPresentacion2\Modulo_Empleados\CapaPresentacion2.csproj", "{D058E1DD-C529-4313-9E75-023978707E4B}"
EndProject
Global
	GlobalSection(SolutionConfigurationPlatforms) = preSolution
		Debug|Any CPU = Debug|Any CPU
		Release|Any CPU = Release|Any CPU
	EndGlobalSection
	GlobalSection(ProjectConfigurationPlatforms) = postSolution
		{CF324CD7-B340-4272-86EE-E9DCB8F32770}.Debug|Any CPU.ActiveCfg = Debug|Any CPU
		{CF324CD7-B340-4272-86EE-E9DCB8F32770}.Debug|Any CPU.Build.0 = Debug|Any CPU
		{CF324CD7-B340-4272-86EE-E9DCB8F32770}.Release|Any CPU.ActiveCfg = Release|Any CPU
		{CF324CD7-B340-4272-86EE-E9DCB8F32770}.Release|Any CPU.Build.0 = Release|Any CPU
		{A9A66AE8-1D4F-4085-A8D1-093C90CF84EF}.Debug|Any CPU.ActiveCfg = Debug|Any CPU
		{A9A66AE8-1D4F-4085-A8D1-093C90CF84EF}.Debug|Any CPU.Build.0 = Debug|Any CPU
		{A9A66AE8-1D4F-4085-A8D1-093C90CF84EF}.Release|Any CPU.ActiveCfg = Release|Any CPU
		{A9A66AE8-1D4F-4085-A8D1-093C90CF84EF}.Release|Any CPU.Build.0 = Release|Any CPU
		{535CD9B5-18F8-498E-B8AC-3B5EBAA08BD4}.Debug|Any CPU.ActiveCfg = Debug|Any CPU
		{535CD9B5-18F8-498E-B8AC-3B5EBAA08BD4}.Debug|Any CPU.Build.0 = Debug|Any CPU
		{535CD9B5-18F8-498E-B8AC-3B5EBAA08BD4}.Release|Any CPU.ActiveCfg = Release|Any CPU
		{535CD9B5-18F8-498E-B8AC-3B5EBAA08BD4}.Release|Any CPU.Build.0 = Release|Any CPU
		{D058E1DD-C529-4313-9E75-023978707E4B}.Debug|Any CPU.ActiveCfg = Debug|Any CPU
		{D058E1DD-C529-4313-9E75-023978707E4B}.Debug|Any CPU.Build.0 = Debug|Any CPU
		{D058E1DD-C529-4313-9E75-023978707E4B}.Release|Any CPU.ActiveCfg = Release|Any CPU
		{D058E1DD-C529-4313-9E75-023978707E4B}.Release|Any CPU.Build.0 = Release|Any CPU
	EndGlobalSection
	GlobalSection(SolutionProperties) = preSolution
		HideSolutionNode = FALSE
	EndGlobalSection
EndGlobal
